// !$*UTF8*$!
{
	archiveVersion = 1;
	classes = {
	};
	objectVersion = 56;
	objects = {

/* Begin PBXBuildFile section */
		5056E16A2AE0639F00E0ED2B /* AddFullNameView.swift in Sources */ = {isa = PBXBuildFile; fileRef = 5056E1692AE0639E00E0ED2B /* AddFullNameView.swift */; };
		5056E16B2AE0639F00E0ED2B /* AddFullNameView.swift in Sources */ = {isa = PBXBuildFile; fileRef = 5056E1692AE0639E00E0ED2B /* AddFullNameView.swift */; };
		5056E16C2AE0639F00E0ED2B /* AddFullNameView.swift in Sources */ = {isa = PBXBuildFile; fileRef = 5056E1692AE0639E00E0ED2B /* AddFullNameView.swift */; };
		5056E16E2AE063E300E0ED2B /* AddUsernameView.swift in Sources */ = {isa = PBXBuildFile; fileRef = 5056E16D2AE063E300E0ED2B /* AddUsernameView.swift */; };
		5056E16F2AE063E300E0ED2B /* AddUsernameView.swift in Sources */ = {isa = PBXBuildFile; fileRef = 5056E16D2AE063E300E0ED2B /* AddUsernameView.swift */; };
		5056E1702AE063E300E0ED2B /* AddUsernameView.swift in Sources */ = {isa = PBXBuildFile; fileRef = 5056E16D2AE063E300E0ED2B /* AddUsernameView.swift */; };
		5056E1732AE064DF00E0ED2B /* Service.swift in Sources */ = {isa = PBXBuildFile; fileRef = 5056E1722AE064DF00E0ED2B /* Service.swift */; };
		5056E1742AE064DF00E0ED2B /* Service.swift in Sources */ = {isa = PBXBuildFile; fileRef = 5056E1722AE064DF00E0ED2B /* Service.swift */; };
		5056E1752AE064DF00E0ED2B /* Service.swift in Sources */ = {isa = PBXBuildFile; fileRef = 5056E1722AE064DF00E0ED2B /* Service.swift */; };
		5056E1772AE064FA00E0ED2B /* User.swift in Sources */ = {isa = PBXBuildFile; fileRef = 5056E1762AE064FA00E0ED2B /* User.swift */; };
		5056E1782AE064FA00E0ED2B /* User.swift in Sources */ = {isa = PBXBuildFile; fileRef = 5056E1762AE064FA00E0ED2B /* User.swift */; };
		5056E1792AE064FA00E0ED2B /* User.swift in Sources */ = {isa = PBXBuildFile; fileRef = 5056E1762AE064FA00E0ED2B /* User.swift */; };
		5056E17B2AE0655500E0ED2B /* ServiceDataManager.swift in Sources */ = {isa = PBXBuildFile; fileRef = 5056E17A2AE0655500E0ED2B /* ServiceDataManager.swift */; };
		5056E17C2AE0655500E0ED2B /* ServiceDataManager.swift in Sources */ = {isa = PBXBuildFile; fileRef = 5056E17A2AE0655500E0ED2B /* ServiceDataManager.swift */; };
		5056E17D2AE0655500E0ED2B /* ServiceDataManager.swift in Sources */ = {isa = PBXBuildFile; fileRef = 5056E17A2AE0655500E0ED2B /* ServiceDataManager.swift */; };
		505EA0452A85AA5C000206C4 /* SavorAppApp.swift in Sources */ = {isa = PBXBuildFile; fileRef = 505EA0442A85AA5C000206C4 /* SavorAppApp.swift */; };
		505EA0472A85AA5C000206C4 /* ContentView.swift in Sources */ = {isa = PBXBuildFile; fileRef = 505EA0462A85AA5C000206C4 /* ContentView.swift */; };
		505EA0492A85AA5F000206C4 /* Assets.xcassets in Resources */ = {isa = PBXBuildFile; fileRef = 505EA0482A85AA5F000206C4 /* Assets.xcassets */; };
		505EA04C2A85AA5F000206C4 /* Preview Assets.xcassets in Resources */ = {isa = PBXBuildFile; fileRef = 505EA04B2A85AA5F000206C4 /* Preview Assets.xcassets */; };
		505EA0562A85AA5F000206C4 /* SavorAppTests.swift in Sources */ = {isa = PBXBuildFile; fileRef = 505EA0552A85AA5F000206C4 /* SavorAppTests.swift */; };
		505EA0602A85AA5F000206C4 /* SavorAppUITests.swift in Sources */ = {isa = PBXBuildFile; fileRef = 505EA05F2A85AA5F000206C4 /* SavorAppUITests.swift */; };
		505EA0622A85AA5F000206C4 /* SavorAppUITestsLaunchTests.swift in Sources */ = {isa = PBXBuildFile; fileRef = 505EA0612A85AA5F000206C4 /* SavorAppUITestsLaunchTests.swift */; };
		505EA0772A85ACED000206C4 /* MainTabView.swift in Sources */ = {isa = PBXBuildFile; fileRef = 505EA0762A85ACED000206C4 /* MainTabView.swift */; };
		505EA0782A85ACED000206C4 /* MainTabView.swift in Sources */ = {isa = PBXBuildFile; fileRef = 505EA0762A85ACED000206C4 /* MainTabView.swift */; };
		505EA0792A85ACED000206C4 /* MainTabView.swift in Sources */ = {isa = PBXBuildFile; fileRef = 505EA0762A85ACED000206C4 /* MainTabView.swift */; };
		505EA07B2A85AED4000206C4 /* CurrentUserProfileView.swift in Sources */ = {isa = PBXBuildFile; fileRef = 505EA07A2A85AED4000206C4 /* CurrentUserProfileView.swift */; };
		505EA07C2A85AED4000206C4 /* CurrentUserProfileView.swift in Sources */ = {isa = PBXBuildFile; fileRef = 505EA07A2A85AED4000206C4 /* CurrentUserProfileView.swift */; };
		505EA07D2A85AED4000206C4 /* CurrentUserProfileView.swift in Sources */ = {isa = PBXBuildFile; fileRef = 505EA07A2A85AED4000206C4 /* CurrentUserProfileView.swift */; };
		505EA07F2A85DD07000206C4 /* LoginView.swift in Sources */ = {isa = PBXBuildFile; fileRef = 505EA07E2A85DD07000206C4 /* LoginView.swift */; };
		505EA0802A85DD07000206C4 /* LoginView.swift in Sources */ = {isa = PBXBuildFile; fileRef = 505EA07E2A85DD07000206C4 /* LoginView.swift */; };
		505EA0812A85DD07000206C4 /* LoginView.swift in Sources */ = {isa = PBXBuildFile; fileRef = 505EA07E2A85DD07000206C4 /* LoginView.swift */; };
		505EA0832A85E43B000206C4 /* AddEmailView.swift in Sources */ = {isa = PBXBuildFile; fileRef = 505EA0822A85E43B000206C4 /* AddEmailView.swift */; };
		505EA0842A85E43B000206C4 /* AddEmailView.swift in Sources */ = {isa = PBXBuildFile; fileRef = 505EA0822A85E43B000206C4 /* AddEmailView.swift */; };
		505EA0852A85E43B000206C4 /* AddEmailView.swift in Sources */ = {isa = PBXBuildFile; fileRef = 505EA0822A85E43B000206C4 /* AddEmailView.swift */; };
		50CBA5BA2A8D9A7B00E596DE /* FirebaseAnalytics in Frameworks */ = {isa = PBXBuildFile; productRef = 50CBA5B92A8D9A7B00E596DE /* FirebaseAnalytics */; };
		50CBA5BC2A8D9A7B00E596DE /* FirebaseAuth in Frameworks */ = {isa = PBXBuildFile; productRef = 50CBA5BB2A8D9A7B00E596DE /* FirebaseAuth */; };
		50CBA5BE2A8D9A7B00E596DE /* FirebaseFirestore in Frameworks */ = {isa = PBXBuildFile; productRef = 50CBA5BD2A8D9A7B00E596DE /* FirebaseFirestore */; };
		50CBA5C22A8D9B0600E596DE /* AddPasswordView.swift in Sources */ = {isa = PBXBuildFile; fileRef = 50CBA5C12A8D9B0600E596DE /* AddPasswordView.swift */; };
		50CBA5C32A8D9B0600E596DE /* AddPasswordView.swift in Sources */ = {isa = PBXBuildFile; fileRef = 50CBA5C12A8D9B0600E596DE /* AddPasswordView.swift */; };
		50CBA5C42A8D9B0600E596DE /* AddPasswordView.swift in Sources */ = {isa = PBXBuildFile; fileRef = 50CBA5C12A8D9B0600E596DE /* AddPasswordView.swift */; };
		50CBA5C62A8D9B2100E596DE /* CompleteSignUpView.swift in Sources */ = {isa = PBXBuildFile; fileRef = 50CBA5C52A8D9B2100E596DE /* CompleteSignUpView.swift */; };
		50CBA5C72A8D9B2100E596DE /* CompleteSignUpView.swift in Sources */ = {isa = PBXBuildFile; fileRef = 50CBA5C52A8D9B2100E596DE /* CompleteSignUpView.swift */; };
		50CBA5C82A8D9B2100E596DE /* CompleteSignUpView.swift in Sources */ = {isa = PBXBuildFile; fileRef = 50CBA5C52A8D9B2100E596DE /* CompleteSignUpView.swift */; };
		50CBA5CA2A8D9B5900E596DE /* AuthService.swift in Sources */ = {isa = PBXBuildFile; fileRef = 50CBA5C92A8D9B5900E596DE /* AuthService.swift */; };
		50CBA5CB2A8D9B5900E596DE /* AuthService.swift in Sources */ = {isa = PBXBuildFile; fileRef = 50CBA5C92A8D9B5900E596DE /* AuthService.swift */; };
		50CBA5CC2A8D9B5900E596DE /* AuthService.swift in Sources */ = {isa = PBXBuildFile; fileRef = 50CBA5C92A8D9B5900E596DE /* AuthService.swift */; };
		50CBA5CE2A8D9B6E00E596DE /* RegistrationViewModel.swift in Sources */ = {isa = PBXBuildFile; fileRef = 50CBA5CD2A8D9B6E00E596DE /* RegistrationViewModel.swift */; };
		50CBA5CF2A8D9B6E00E596DE /* RegistrationViewModel.swift in Sources */ = {isa = PBXBuildFile; fileRef = 50CBA5CD2A8D9B6E00E596DE /* RegistrationViewModel.swift */; };
		50CBA5D02A8D9B6E00E596DE /* RegistrationViewModel.swift in Sources */ = {isa = PBXBuildFile; fileRef = 50CBA5CD2A8D9B6E00E596DE /* RegistrationViewModel.swift */; };
		50CBA5D22A8D9B8A00E596DE /* LoginViewModel.swift in Sources */ = {isa = PBXBuildFile; fileRef = 50CBA5D12A8D9B8A00E596DE /* LoginViewModel.swift */; };
		50CBA5D32A8D9B8A00E596DE /* LoginViewModel.swift in Sources */ = {isa = PBXBuildFile; fileRef = 50CBA5D12A8D9B8A00E596DE /* LoginViewModel.swift */; };
		50CBA5D42A8D9B8A00E596DE /* LoginViewModel.swift in Sources */ = {isa = PBXBuildFile; fileRef = 50CBA5D12A8D9B8A00E596DE /* LoginViewModel.swift */; };
		50CBA5D62A8D9C4C00E596DE /* GoogleService-Info.plist in Resources */ = {isa = PBXBuildFile; fileRef = 50CBA5D52A8D9C4C00E596DE /* GoogleService-Info.plist */; };
		50CBA5D72A8D9C4C00E596DE /* GoogleService-Info.plist in Resources */ = {isa = PBXBuildFile; fileRef = 50CBA5D52A8D9C4C00E596DE /* GoogleService-Info.plist */; };
		50CBA5D82A8D9C4C00E596DE /* GoogleService-Info.plist in Resources */ = {isa = PBXBuildFile; fileRef = 50CBA5D52A8D9C4C00E596DE /* GoogleService-Info.plist */; };
		50CBA5DB2A8D9D1000E596DE /* ServiceView.swift in Sources */ = {isa = PBXBuildFile; fileRef = 50CBA5DA2A8D9D1000E596DE /* ServiceView.swift */; };
		50CBA5DC2A8D9D1000E596DE /* ServiceView.swift in Sources */ = {isa = PBXBuildFile; fileRef = 50CBA5DA2A8D9D1000E596DE /* ServiceView.swift */; };
		50CBA5DD2A8D9D1000E596DE /* ServiceView.swift in Sources */ = {isa = PBXBuildFile; fileRef = 50CBA5DA2A8D9D1000E596DE /* ServiceView.swift */; };
		50CBA5E02A8D9D5600E596DE /* SearchView.swift in Sources */ = {isa = PBXBuildFile; fileRef = 50CBA5DF2A8D9D5600E596DE /* SearchView.swift */; };
		50CBA5E12A8D9D5600E596DE /* SearchView.swift in Sources */ = {isa = PBXBuildFile; fileRef = 50CBA5DF2A8D9D5600E596DE /* SearchView.swift */; };
		50CBA5E22A8D9D5600E596DE /* SearchView.swift in Sources */ = {isa = PBXBuildFile; fileRef = 50CBA5DF2A8D9D5600E596DE /* SearchView.swift */; };
		50CBA5E52A8D9D9200E596DE /* CreateServiceView.swift in Sources */ = {isa = PBXBuildFile; fileRef = 50CBA5E42A8D9D9200E596DE /* CreateServiceView.swift */; };
		50CBA5E62A8D9D9200E596DE /* CreateServiceView.swift in Sources */ = {isa = PBXBuildFile; fileRef = 50CBA5E42A8D9D9200E596DE /* CreateServiceView.swift */; };
		50CBA5E72A8D9D9200E596DE /* CreateServiceView.swift in Sources */ = {isa = PBXBuildFile; fileRef = 50CBA5E42A8D9D9200E596DE /* CreateServiceView.swift */; };
		50CBA5EB2A8D9DC200E596DE /* ContentViewModel.swift in Sources */ = {isa = PBXBuildFile; fileRef = 50CBA5EA2A8D9DC200E596DE /* ContentViewModel.swift */; };
		50CBA5EC2A8D9DC200E596DE /* ContentViewModel.swift in Sources */ = {isa = PBXBuildFile; fileRef = 50CBA5EA2A8D9DC200E596DE /* ContentViewModel.swift */; };
		50CBA5ED2A8D9DC200E596DE /* ContentViewModel.swift in Sources */ = {isa = PBXBuildFile; fileRef = 50CBA5EA2A8D9DC200E596DE /* ContentViewModel.swift */; };
/* End PBXBuildFile section */

/* Begin PBXContainerItemProxy section */
		505EA0522A85AA5F000206C4 /* PBXContainerItemProxy */ = {
			isa = PBXContainerItemProxy;
			containerPortal = 505EA0392A85AA5C000206C4 /* Project object */;
			proxyType = 1;
			remoteGlobalIDString = 505EA0402A85AA5C000206C4;
			remoteInfo = SavorApp;
		};
		505EA05C2A85AA5F000206C4 /* PBXContainerItemProxy */ = {
			isa = PBXContainerItemProxy;
			containerPortal = 505EA0392A85AA5C000206C4 /* Project object */;
			proxyType = 1;
			remoteGlobalIDString = 505EA0402A85AA5C000206C4;
			remoteInfo = SavorApp;
		};
/* End PBXContainerItemProxy section */

/* Begin PBXFileReference section */
		5056E1692AE0639E00E0ED2B /* AddFullNameView.swift */ = {isa = PBXFileReference; lastKnownFileType = sourcecode.swift; path = AddFullNameView.swift; sourceTree = "<group>"; };
		5056E16D2AE063E300E0ED2B /* AddUsernameView.swift */ = {isa = PBXFileReference; lastKnownFileType = sourcecode.swift; path = AddUsernameView.swift; sourceTree = "<group>"; };
		5056E1722AE064DF00E0ED2B /* Service.swift */ = {isa = PBXFileReference; lastKnownFileType = sourcecode.swift; path = Service.swift; sourceTree = "<group>"; };
		5056E1762AE064FA00E0ED2B /* User.swift */ = {isa = PBXFileReference; lastKnownFileType = sourcecode.swift; path = User.swift; sourceTree = "<group>"; };
		5056E17A2AE0655500E0ED2B /* ServiceDataManager.swift */ = {isa = PBXFileReference; lastKnownFileType = sourcecode.swift; path = ServiceDataManager.swift; sourceTree = "<group>"; };
		505EA0412A85AA5C000206C4 /* Savor.app */ = {isa = PBXFileReference; explicitFileType = wrapper.application; includeInIndex = 0; path = Savor.app; sourceTree = BUILT_PRODUCTS_DIR; };
		505EA0442A85AA5C000206C4 /* SavorAppApp.swift */ = {isa = PBXFileReference; lastKnownFileType = sourcecode.swift; path = SavorAppApp.swift; sourceTree = "<group>"; };
		505EA0462A85AA5C000206C4 /* ContentView.swift */ = {isa = PBXFileReference; lastKnownFileType = sourcecode.swift; path = ContentView.swift; sourceTree = "<group>"; };
		505EA0482A85AA5F000206C4 /* Assets.xcassets */ = {isa = PBXFileReference; lastKnownFileType = folder.assetcatalog; path = Assets.xcassets; sourceTree = "<group>"; };
		505EA04B2A85AA5F000206C4 /* Preview Assets.xcassets */ = {isa = PBXFileReference; lastKnownFileType = folder.assetcatalog; path = "Preview Assets.xcassets"; sourceTree = "<group>"; };
		505EA0512A85AA5F000206C4 /* SavorTests.xctest */ = {isa = PBXFileReference; explicitFileType = wrapper.cfbundle; includeInIndex = 0; path = SavorTests.xctest; sourceTree = BUILT_PRODUCTS_DIR; };
		505EA0552A85AA5F000206C4 /* SavorAppTests.swift */ = {isa = PBXFileReference; lastKnownFileType = sourcecode.swift; path = SavorAppTests.swift; sourceTree = "<group>"; };
		505EA05B2A85AA5F000206C4 /* SavorUITests.xctest */ = {isa = PBXFileReference; explicitFileType = wrapper.cfbundle; includeInIndex = 0; path = SavorUITests.xctest; sourceTree = BUILT_PRODUCTS_DIR; };
		505EA05F2A85AA5F000206C4 /* SavorAppUITests.swift */ = {isa = PBXFileReference; lastKnownFileType = sourcecode.swift; path = SavorAppUITests.swift; sourceTree = "<group>"; };
		505EA0612A85AA5F000206C4 /* SavorAppUITestsLaunchTests.swift */ = {isa = PBXFileReference; lastKnownFileType = sourcecode.swift; path = SavorAppUITestsLaunchTests.swift; sourceTree = "<group>"; };
		505EA0762A85ACED000206C4 /* MainTabView.swift */ = {isa = PBXFileReference; lastKnownFileType = sourcecode.swift; path = MainTabView.swift; sourceTree = "<group>"; };
		505EA07A2A85AED4000206C4 /* CurrentUserProfileView.swift */ = {isa = PBXFileReference; lastKnownFileType = sourcecode.swift; path = CurrentUserProfileView.swift; sourceTree = "<group>"; };
		505EA07E2A85DD07000206C4 /* LoginView.swift */ = {isa = PBXFileReference; lastKnownFileType = sourcecode.swift; path = LoginView.swift; sourceTree = "<group>"; };
		505EA0822A85E43B000206C4 /* AddEmailView.swift */ = {isa = PBXFileReference; lastKnownFileType = sourcecode.swift; path = AddEmailView.swift; sourceTree = "<group>"; };
		50CBA5C12A8D9B0600E596DE /* AddPasswordView.swift */ = {isa = PBXFileReference; lastKnownFileType = sourcecode.swift; path = AddPasswordView.swift; sourceTree = "<group>"; };
		50CBA5C52A8D9B2100E596DE /* CompleteSignUpView.swift */ = {isa = PBXFileReference; lastKnownFileType = sourcecode.swift; path = CompleteSignUpView.swift; sourceTree = "<group>"; };
		50CBA5C92A8D9B5900E596DE /* AuthService.swift */ = {isa = PBXFileReference; lastKnownFileType = sourcecode.swift; path = AuthService.swift; sourceTree = "<group>"; };
		50CBA5CD2A8D9B6E00E596DE /* RegistrationViewModel.swift */ = {isa = PBXFileReference; lastKnownFileType = sourcecode.swift; path = RegistrationViewModel.swift; sourceTree = "<group>"; };
		50CBA5D12A8D9B8A00E596DE /* LoginViewModel.swift */ = {isa = PBXFileReference; lastKnownFileType = sourcecode.swift; path = LoginViewModel.swift; sourceTree = "<group>"; };
		50CBA5D52A8D9C4C00E596DE /* GoogleService-Info.plist */ = {isa = PBXFileReference; fileEncoding = 4; lastKnownFileType = text.plist.xml; path = "GoogleService-Info.plist"; sourceTree = "<group>"; };
		50CBA5DA2A8D9D1000E596DE /* ServiceView.swift */ = {isa = PBXFileReference; lastKnownFileType = sourcecode.swift; path = ServiceView.swift; sourceTree = "<group>"; };
		50CBA5DF2A8D9D5600E596DE /* SearchView.swift */ = {isa = PBXFileReference; lastKnownFileType = sourcecode.swift; path = SearchView.swift; sourceTree = "<group>"; };
		50CBA5E42A8D9D9200E596DE /* CreateServiceView.swift */ = {isa = PBXFileReference; lastKnownFileType = sourcecode.swift; path = CreateServiceView.swift; sourceTree = "<group>"; };
		50CBA5EA2A8D9DC200E596DE /* ContentViewModel.swift */ = {isa = PBXFileReference; lastKnownFileType = sourcecode.swift; path = ContentViewModel.swift; sourceTree = "<group>"; };
/* End PBXFileReference section */

/* Begin PBXFrameworksBuildPhase section */
		505EA03E2A85AA5C000206C4 /* Frameworks */ = {
			isa = PBXFrameworksBuildPhase;
			buildActionMask = 2147483647;
			files = (
				50CBA5BA2A8D9A7B00E596DE /* FirebaseAnalytics in Frameworks */,
				50CBA5BC2A8D9A7B00E596DE /* FirebaseAuth in Frameworks */,
				50CBA5BE2A8D9A7B00E596DE /* FirebaseFirestore in Frameworks */,
			);
			runOnlyForDeploymentPostprocessing = 0;
		};
		505EA04E2A85AA5F000206C4 /* Frameworks */ = {
			isa = PBXFrameworksBuildPhase;
			buildActionMask = 2147483647;
			files = (
			);
			runOnlyForDeploymentPostprocessing = 0;
		};
		505EA0582A85AA5F000206C4 /* Frameworks */ = {
			isa = PBXFrameworksBuildPhase;
			buildActionMask = 2147483647;
			files = (
			);
			runOnlyForDeploymentPostprocessing = 0;
		};
/* End PBXFrameworksBuildPhase section */

/* Begin PBXGroup section */
		5056E1712AE064B000E0ED2B /* Model */ = {
			isa = PBXGroup;
			children = (
				5056E1722AE064DF00E0ED2B /* Service.swift */,
				5056E1762AE064FA00E0ED2B /* User.swift */,
			);
			path = Model;
			sourceTree = "<group>";
		};
		505EA0382A85AA5C000206C4 = {
			isa = PBXGroup;
			children = (
				505EA0432A85AA5C000206C4 /* SavorApp */,
				505EA0542A85AA5F000206C4 /* SavorAppTests */,
				505EA05E2A85AA5F000206C4 /* SavorAppUITests */,
				505EA0422A85AA5C000206C4 /* Products */,
			);
			sourceTree = "<group>";
		};
		505EA0422A85AA5C000206C4 /* Products */ = {
			isa = PBXGroup;
			children = (
				505EA0412A85AA5C000206C4 /* Savor.app */,
				505EA0512A85AA5F000206C4 /* SavorTests.xctest */,
				505EA05B2A85AA5F000206C4 /* SavorUITests.xctest */,
			);
			name = Products;
			sourceTree = "<group>";
		};
		505EA0432A85AA5C000206C4 /* SavorApp */ = {
			isa = PBXGroup;
			children = (
				505EA06E2A85AA93000206C4 /* App */,
				505EA0732A85AAD6000206C4 /* Core */,
				505EA0482A85AA5F000206C4 /* Assets.xcassets */,
				50CBA5D52A8D9C4C00E596DE /* GoogleService-Info.plist */,
				505EA04A2A85AA5F000206C4 /* Preview Content */,
			);
			path = SavorApp;
			sourceTree = "<group>";
		};
		505EA04A2A85AA5F000206C4 /* Preview Content */ = {
			isa = PBXGroup;
			children = (
				505EA04B2A85AA5F000206C4 /* Preview Assets.xcassets */,
			);
			path = "Preview Content";
			sourceTree = "<group>";
		};
		505EA0542A85AA5F000206C4 /* SavorAppTests */ = {
			isa = PBXGroup;
			children = (
				505EA0552A85AA5F000206C4 /* SavorAppTests.swift */,
			);
			path = SavorAppTests;
			sourceTree = "<group>";
		};
		505EA05E2A85AA5F000206C4 /* SavorAppUITests */ = {
			isa = PBXGroup;
			children = (
				505EA05F2A85AA5F000206C4 /* SavorAppUITests.swift */,
				505EA0612A85AA5F000206C4 /* SavorAppUITestsLaunchTests.swift */,
			);
			path = SavorAppUITests;
			sourceTree = "<group>";
		};
		505EA06E2A85AA93000206C4 /* App */ = {
			isa = PBXGroup;
			children = (
				505EA0442A85AA5C000206C4 /* SavorAppApp.swift */,
			);
			path = App;
			sourceTree = "<group>";
		};
		505EA06F2A85AABC000206C4 /* Root */ = {
			isa = PBXGroup;
			children = (
				50CBA5E92A8D9DAB00E596DE /* ViewModel */,
				50CBA5E82A8D9DA800E596DE /* View */,
			);
			path = Root;
			sourceTree = "<group>";
		};
		505EA0722A85AAD5000206C4 /* Authentication */ = {
			isa = PBXGroup;
			children = (
				50CBA5C02A8D9AE000E596DE /* FirebaseBackend */,
				50CBA5BF2A8D9ACC00E596DE /* LoginStack */,
			);
			path = Authentication;
			sourceTree = "<group>";
		};
		505EA0732A85AAD6000206C4 /* Core */ = {
			isa = PBXGroup;
			children = (
				5056E1712AE064B000E0ED2B /* Model */,
				50CBA5E32A8D9D7500E596DE /* CreateEvent */,
				50CBA5DE2A8D9D4400E596DE /* Search */,
				50CBA5D92A8D9CEE00E596DE /* MainPage */,
				505EA0752A85AC7C000206C4 /* TabBar */,
				505EA0742A85AB91000206C4 /* Profile */,
				505EA06F2A85AABC000206C4 /* Root */,
				505EA0722A85AAD5000206C4 /* Authentication */,
			);
			path = Core;
			sourceTree = "<group>";
		};
		505EA0742A85AB91000206C4 /* Profile */ = {
			isa = PBXGroup;
			children = (
				505EA07A2A85AED4000206C4 /* CurrentUserProfileView.swift */,
			);
			path = Profile;
			sourceTree = "<group>";
		};
		505EA0752A85AC7C000206C4 /* TabBar */ = {
			isa = PBXGroup;
			children = (
				505EA0762A85ACED000206C4 /* MainTabView.swift */,
			);
			path = TabBar;
			sourceTree = "<group>";
		};
		50CBA5BF2A8D9ACC00E596DE /* LoginStack */ = {
			isa = PBXGroup;
			children = (
				505EA07E2A85DD07000206C4 /* LoginView.swift */,
				505EA0822A85E43B000206C4 /* AddEmailView.swift */,
				50CBA5C12A8D9B0600E596DE /* AddPasswordView.swift */,
				50CBA5C52A8D9B2100E596DE /* CompleteSignUpView.swift */,
				5056E1692AE0639E00E0ED2B /* AddFullNameView.swift */,
				5056E16D2AE063E300E0ED2B /* AddUsernameView.swift */,
			);
			path = LoginStack;
			sourceTree = "<group>";
		};
		50CBA5C02A8D9AE000E596DE /* FirebaseBackend */ = {
			isa = PBXGroup;
			children = (
				50CBA5C92A8D9B5900E596DE /* AuthService.swift */,
				50CBA5CD2A8D9B6E00E596DE /* RegistrationViewModel.swift */,
				50CBA5D12A8D9B8A00E596DE /* LoginViewModel.swift */,
			);
			path = FirebaseBackend;
			sourceTree = "<group>";
		};
		50CBA5D92A8D9CEE00E596DE /* MainPage */ = {
			isa = PBXGroup;
			children = (
				50CBA5DA2A8D9D1000E596DE /* ServiceView.swift */,
			);
			path = MainPage;
			sourceTree = "<group>";
		};
		50CBA5DE2A8D9D4400E596DE /* Search */ = {
			isa = PBXGroup;
			children = (
				50CBA5DF2A8D9D5600E596DE /* SearchView.swift */,
			);
			path = Search;
			sourceTree = "<group>";
		};
		50CBA5E32A8D9D7500E596DE /* CreateEvent */ = {
			isa = PBXGroup;
			children = (
				50CBA5E42A8D9D9200E596DE /* CreateServiceView.swift */,
				5056E17A2AE0655500E0ED2B /* ServiceDataManager.swift */,
			);
			path = CreateEvent;
			sourceTree = "<group>";
		};
		50CBA5E82A8D9DA800E596DE /* View */ = {
			isa = PBXGroup;
			children = (
				505EA0462A85AA5C000206C4 /* ContentView.swift */,
			);
			path = View;
			sourceTree = "<group>";
		};
		50CBA5E92A8D9DAB00E596DE /* ViewModel */ = {
			isa = PBXGroup;
			children = (
				50CBA5EA2A8D9DC200E596DE /* ContentViewModel.swift */,
			);
			path = ViewModel;
			sourceTree = "<group>";
		};
/* End PBXGroup section */

/* Begin PBXNativeTarget section */
		505EA0402A85AA5C000206C4 /* Savor */ = {
			isa = PBXNativeTarget;
			buildConfigurationList = 505EA0652A85AA5F000206C4 /* Build configuration list for PBXNativeTarget "Savor" */;
			buildPhases = (
				505EA03D2A85AA5C000206C4 /* Sources */,
				505EA03E2A85AA5C000206C4 /* Frameworks */,
				505EA03F2A85AA5C000206C4 /* Resources */,
			);
			buildRules = (
			);
			dependencies = (
			);
			name = Savor;
			packageProductDependencies = (
				50CBA5B92A8D9A7B00E596DE /* FirebaseAnalytics */,
				50CBA5BB2A8D9A7B00E596DE /* FirebaseAuth */,
				50CBA5BD2A8D9A7B00E596DE /* FirebaseFirestore */,
			);
			productName = SavorApp;
			productReference = 505EA0412A85AA5C000206C4 /* Savor.app */;
			productType = "com.apple.product-type.application";
		};
		505EA0502A85AA5F000206C4 /* SavorTests */ = {
			isa = PBXNativeTarget;
			buildConfigurationList = 505EA0682A85AA5F000206C4 /* Build configuration list for PBXNativeTarget "SavorTests" */;
			buildPhases = (
				505EA04D2A85AA5F000206C4 /* Sources */,
				505EA04E2A85AA5F000206C4 /* Frameworks */,
				505EA04F2A85AA5F000206C4 /* Resources */,
			);
			buildRules = (
			);
			dependencies = (
				505EA0532A85AA5F000206C4 /* PBXTargetDependency */,
			);
			name = SavorTests;
			productName = SavorAppTests;
			productReference = 505EA0512A85AA5F000206C4 /* SavorTests.xctest */;
			productType = "com.apple.product-type.bundle.unit-test";
		};
		505EA05A2A85AA5F000206C4 /* SavorUITests */ = {
			isa = PBXNativeTarget;
			buildConfigurationList = 505EA06B2A85AA5F000206C4 /* Build configuration list for PBXNativeTarget "SavorUITests" */;
			buildPhases = (
				505EA0572A85AA5F000206C4 /* Sources */,
				505EA0582A85AA5F000206C4 /* Frameworks */,
				505EA0592A85AA5F000206C4 /* Resources */,
			);
			buildRules = (
			);
			dependencies = (
				505EA05D2A85AA5F000206C4 /* PBXTargetDependency */,
			);
			name = SavorUITests;
			productName = SavorAppUITests;
			productReference = 505EA05B2A85AA5F000206C4 /* SavorUITests.xctest */;
			productType = "com.apple.product-type.bundle.ui-testing";
		};
/* End PBXNativeTarget section */

/* Begin PBXProject section */
		505EA0392A85AA5C000206C4 /* Project object */ = {
			isa = PBXProject;
			attributes = {
				BuildIndependentTargetsInParallel = 1;
				LastSwiftUpdateCheck = 1430;
				LastUpgradeCheck = 1430;
				TargetAttributes = {
					505EA0402A85AA5C000206C4 = {
						CreatedOnToolsVersion = 14.3.1;
					};
					505EA0502A85AA5F000206C4 = {
						CreatedOnToolsVersion = 14.3.1;
						TestTargetID = 505EA0402A85AA5C000206C4;
					};
					505EA05A2A85AA5F000206C4 = {
						CreatedOnToolsVersion = 14.3.1;
						TestTargetID = 505EA0402A85AA5C000206C4;
					};
				};
			};
			buildConfigurationList = 505EA03C2A85AA5C000206C4 /* Build configuration list for PBXProject "Savor" */;
			compatibilityVersion = "Xcode 14.0";
			developmentRegion = en;
			hasScannedForEncodings = 0;
			knownRegions = (
				en,
				Base,
			);
			mainGroup = 505EA0382A85AA5C000206C4;
			packageReferences = (
				50CBA5B82A8D9A7B00E596DE /* XCRemoteSwiftPackageReference "firebase-ios-sdk" */,
			);
			productRefGroup = 505EA0422A85AA5C000206C4 /* Products */;
			projectDirPath = "";
			projectRoot = "";
			targets = (
				505EA0402A85AA5C000206C4 /* Savor */,
				505EA0502A85AA5F000206C4 /* SavorTests */,
				505EA05A2A85AA5F000206C4 /* SavorUITests */,
			);
		};
/* End PBXProject section */

/* Begin PBXResourcesBuildPhase section */
		505EA03F2A85AA5C000206C4 /* Resources */ = {
			isa = PBXResourcesBuildPhase;
			buildActionMask = 2147483647;
			files = (
				505EA04C2A85AA5F000206C4 /* Preview Assets.xcassets in Resources */,
				505EA0492A85AA5F000206C4 /* Assets.xcassets in Resources */,
				50CBA5D62A8D9C4C00E596DE /* GoogleService-Info.plist in Resources */,
			);
			runOnlyForDeploymentPostprocessing = 0;
		};
		505EA04F2A85AA5F000206C4 /* Resources */ = {
			isa = PBXResourcesBuildPhase;
			buildActionMask = 2147483647;
			files = (
				50CBA5D72A8D9C4C00E596DE /* GoogleService-Info.plist in Resources */,
			);
			runOnlyForDeploymentPostprocessing = 0;
		};
		505EA0592A85AA5F000206C4 /* Resources */ = {
			isa = PBXResourcesBuildPhase;
			buildActionMask = 2147483647;
			files = (
				50CBA5D82A8D9C4C00E596DE /* GoogleService-Info.plist in Resources */,
			);
			runOnlyForDeploymentPostprocessing = 0;
		};
/* End PBXResourcesBuildPhase section */

/* Begin PBXSourcesBuildPhase section */
		505EA03D2A85AA5C000206C4 /* Sources */ = {
			isa = PBXSourcesBuildPhase;
			buildActionMask = 2147483647;
			files = (
				50CBA5C22A8D9B0600E596DE /* AddPasswordView.swift in Sources */,
				505EA07B2A85AED4000206C4 /* CurrentUserProfileView.swift in Sources */,
				50CBA5D22A8D9B8A00E596DE /* LoginViewModel.swift in Sources */,
				50CBA5C62A8D9B2100E596DE /* CompleteSignUpView.swift in Sources */,
				50CBA5DB2A8D9D1000E596DE /* ServiceView.swift in Sources */,
				5056E1732AE064DF00E0ED2B /* Service.swift in Sources */,
				50CBA5CA2A8D9B5900E596DE /* AuthService.swift in Sources */,
				50CBA5E52A8D9D9200E596DE /* CreateServiceView.swift in Sources */,
				505EA0472A85AA5C000206C4 /* ContentView.swift in Sources */,
				5056E16A2AE0639F00E0ED2B /* AddFullNameView.swift in Sources */,
				50CBA5CE2A8D9B6E00E596DE /* RegistrationViewModel.swift in Sources */,
				50CBA5E02A8D9D5600E596DE /* SearchView.swift in Sources */,
				505EA0452A85AA5C000206C4 /* SavorAppApp.swift in Sources */,
				505EA0832A85E43B000206C4 /* AddEmailView.swift in Sources */,
				505EA07F2A85DD07000206C4 /* LoginView.swift in Sources */,
				5056E16E2AE063E300E0ED2B /* AddUsernameView.swift in Sources */,
				505EA0772A85ACED000206C4 /* MainTabView.swift in Sources */,
				5056E17B2AE0655500E0ED2B /* ServiceDataManager.swift in Sources */,
				50CBA5EB2A8D9DC200E596DE /* ContentViewModel.swift in Sources */,
				5056E1772AE064FA00E0ED2B /* User.swift in Sources */,
			);
			runOnlyForDeploymentPostprocessing = 0;
		};
		505EA04D2A85AA5F000206C4 /* Sources */ = {
			isa = PBXSourcesBuildPhase;
			buildActionMask = 2147483647;
			files = (
				505EA0842A85E43B000206C4 /* AddEmailView.swift in Sources */,
				50CBA5DC2A8D9D1000E596DE /* ServiceView.swift in Sources */,
				50CBA5CF2A8D9B6E00E596DE /* RegistrationViewModel.swift in Sources */,
				5056E17C2AE0655500E0ED2B /* ServiceDataManager.swift in Sources */,
				50CBA5C72A8D9B2100E596DE /* CompleteSignUpView.swift in Sources */,
				5056E16F2AE063E300E0ED2B /* AddUsernameView.swift in Sources */,
				50CBA5E12A8D9D5600E596DE /* SearchView.swift in Sources */,
				505EA0562A85AA5F000206C4 /* SavorAppTests.swift in Sources */,
				5056E16B2AE0639F00E0ED2B /* AddFullNameView.swift in Sources */,
				505EA07C2A85AED4000206C4 /* CurrentUserProfileView.swift in Sources */,
				505EA0802A85DD07000206C4 /* LoginView.swift in Sources */,
				505EA0782A85ACED000206C4 /* MainTabView.swift in Sources */,
				5056E1742AE064DF00E0ED2B /* Service.swift in Sources */,
				50CBA5C32A8D9B0600E596DE /* AddPasswordView.swift in Sources */,
				50CBA5EC2A8D9DC200E596DE /* ContentViewModel.swift in Sources */,
				5056E1782AE064FA00E0ED2B /* User.swift in Sources */,
				50CBA5D32A8D9B8A00E596DE /* LoginViewModel.swift in Sources */,
				50CBA5CB2A8D9B5900E596DE /* AuthService.swift in Sources */,
				50CBA5E62A8D9D9200E596DE /* CreateServiceView.swift in Sources */,
			);
			runOnlyForDeploymentPostprocessing = 0;
		};
		505EA0572A85AA5F000206C4 /* Sources */ = {
			isa = PBXSourcesBuildPhase;
			buildActionMask = 2147483647;
			files = (
				50CBA5C42A8D9B0600E596DE /* AddPasswordView.swift in Sources */,
				505EA07D2A85AED4000206C4 /* CurrentUserProfileView.swift in Sources */,
				50CBA5D42A8D9B8A00E596DE /* LoginViewModel.swift in Sources */,
				50CBA5C82A8D9B2100E596DE /* CompleteSignUpView.swift in Sources */,
				50CBA5DD2A8D9D1000E596DE /* ServiceView.swift in Sources */,
				5056E1752AE064DF00E0ED2B /* Service.swift in Sources */,
				50CBA5CC2A8D9B5900E596DE /* AuthService.swift in Sources */,
				50CBA5E72A8D9D9200E596DE /* CreateServiceView.swift in Sources */,
				505EA0622A85AA5F000206C4 /* SavorAppUITestsLaunchTests.swift in Sources */,
				5056E16C2AE0639F00E0ED2B /* AddFullNameView.swift in Sources */,
				50CBA5D02A8D9B6E00E596DE /* RegistrationViewModel.swift in Sources */,
				50CBA5E22A8D9D5600E596DE /* SearchView.swift in Sources */,
				505EA0602A85AA5F000206C4 /* SavorAppUITests.swift in Sources */,
				505EA0852A85E43B000206C4 /* AddEmailView.swift in Sources */,
				505EA0812A85DD07000206C4 /* LoginView.swift in Sources */,
				5056E1702AE063E300E0ED2B /* AddUsernameView.swift in Sources */,
				505EA0792A85ACED000206C4 /* MainTabView.swift in Sources */,
				5056E17D2AE0655500E0ED2B /* ServiceDataManager.swift in Sources */,
				50CBA5ED2A8D9DC200E596DE /* ContentViewModel.swift in Sources */,
				5056E1792AE064FA00E0ED2B /* User.swift in Sources */,
			);
			runOnlyForDeploymentPostprocessing = 0;
		};
/* End PBXSourcesBuildPhase section */

/* Begin PBXTargetDependency section */
		505EA0532A85AA5F000206C4 /* PBXTargetDependency */ = {
			isa = PBXTargetDependency;
			target = 505EA0402A85AA5C000206C4 /* Savor */;
			targetProxy = 505EA0522A85AA5F000206C4 /* PBXContainerItemProxy */;
		};
		505EA05D2A85AA5F000206C4 /* PBXTargetDependency */ = {
			isa = PBXTargetDependency;
			target = 505EA0402A85AA5C000206C4 /* Savor */;
			targetProxy = 505EA05C2A85AA5F000206C4 /* PBXContainerItemProxy */;
		};
/* End PBXTargetDependency section */

/* Begin XCBuildConfiguration section */
		505EA0632A85AA5F000206C4 /* Debug */ = {
			isa = XCBuildConfiguration;
			buildSettings = {
				ALWAYS_SEARCH_USER_PATHS = NO;
				CLANG_ANALYZER_NONNULL = YES;
				CLANG_ANALYZER_NUMBER_OBJECT_CONVERSION = YES_AGGRESSIVE;
				CLANG_CXX_LANGUAGE_STANDARD = "gnu++20";
				CLANG_ENABLE_MODULES = YES;
				CLANG_ENABLE_OBJC_ARC = YES;
				CLANG_ENABLE_OBJC_WEAK = YES;
				CLANG_WARN_BLOCK_CAPTURE_AUTORELEASING = YES;
				CLANG_WARN_BOOL_CONVERSION = YES;
				CLANG_WARN_COMMA = YES;
				CLANG_WARN_CONSTANT_CONVERSION = YES;
				CLANG_WARN_DEPRECATED_OBJC_IMPLEMENTATIONS = YES;
				CLANG_WARN_DIRECT_OBJC_ISA_USAGE = YES_ERROR;
				CLANG_WARN_DOCUMENTATION_COMMENTS = YES;
				CLANG_WARN_EMPTY_BODY = YES;
				CLANG_WARN_ENUM_CONVERSION = YES;
				CLANG_WARN_INFINITE_RECURSION = YES;
				CLANG_WARN_INT_CONVERSION = YES;
				CLANG_WARN_NON_LITERAL_NULL_CONVERSION = YES;
				CLANG_WARN_OBJC_IMPLICIT_RETAIN_SELF = YES;
				CLANG_WARN_OBJC_LITERAL_CONVERSION = YES;
				CLANG_WARN_OBJC_ROOT_CLASS = YES_ERROR;
				CLANG_WARN_QUOTED_INCLUDE_IN_FRAMEWORK_HEADER = YES;
				CLANG_WARN_RANGE_LOOP_ANALYSIS = YES;
				CLANG_WARN_STRICT_PROTOTYPES = YES;
				CLANG_WARN_SUSPICIOUS_MOVE = YES;
				CLANG_WARN_UNGUARDED_AVAILABILITY = YES_AGGRESSIVE;
				CLANG_WARN_UNREACHABLE_CODE = YES;
				CLANG_WARN__DUPLICATE_METHOD_MATCH = YES;
				COPY_PHASE_STRIP = NO;
				DEBUG_INFORMATION_FORMAT = dwarf;
				ENABLE_STRICT_OBJC_MSGSEND = YES;
				ENABLE_TESTABILITY = YES;
				GCC_C_LANGUAGE_STANDARD = gnu11;
				GCC_DYNAMIC_NO_PIC = NO;
				GCC_NO_COMMON_BLOCKS = YES;
				GCC_OPTIMIZATION_LEVEL = 0;
				GCC_PREPROCESSOR_DEFINITIONS = (
					"DEBUG=1",
					"$(inherited)",
				);
				GCC_WARN_64_TO_32_BIT_CONVERSION = YES;
				GCC_WARN_ABOUT_RETURN_TYPE = YES_ERROR;
				GCC_WARN_UNDECLARED_SELECTOR = YES;
				GCC_WARN_UNINITIALIZED_AUTOS = YES_AGGRESSIVE;
				GCC_WARN_UNUSED_FUNCTION = YES;
				GCC_WARN_UNUSED_VARIABLE = YES;
				IPHONEOS_DEPLOYMENT_TARGET = 16.4;
				MTL_ENABLE_DEBUG_INFO = INCLUDE_SOURCE;
				MTL_FAST_MATH = YES;
				ONLY_ACTIVE_ARCH = YES;
				SDKROOT = iphoneos;
				SWIFT_ACTIVE_COMPILATION_CONDITIONS = DEBUG;
				SWIFT_OPTIMIZATION_LEVEL = "-Onone";
			};
			name = Debug;
		};
		505EA0642A85AA5F000206C4 /* Release */ = {
			isa = XCBuildConfiguration;
			buildSettings = {
				ALWAYS_SEARCH_USER_PATHS = NO;
				CLANG_ANALYZER_NONNULL = YES;
				CLANG_ANALYZER_NUMBER_OBJECT_CONVERSION = YES_AGGRESSIVE;
				CLANG_CXX_LANGUAGE_STANDARD = "gnu++20";
				CLANG_ENABLE_MODULES = YES;
				CLANG_ENABLE_OBJC_ARC = YES;
				CLANG_ENABLE_OBJC_WEAK = YES;
				CLANG_WARN_BLOCK_CAPTURE_AUTORELEASING = YES;
				CLANG_WARN_BOOL_CONVERSION = YES;
				CLANG_WARN_COMMA = YES;
				CLANG_WARN_CONSTANT_CONVERSION = YES;
				CLANG_WARN_DEPRECATED_OBJC_IMPLEMENTATIONS = YES;
				CLANG_WARN_DIRECT_OBJC_ISA_USAGE = YES_ERROR;
				CLANG_WARN_DOCUMENTATION_COMMENTS = YES;
				CLANG_WARN_EMPTY_BODY = YES;
				CLANG_WARN_ENUM_CONVERSION = YES;
				CLANG_WARN_INFINITE_RECURSION = YES;
				CLANG_WARN_INT_CONVERSION = YES;
				CLANG_WARN_NON_LITERAL_NULL_CONVERSION = YES;
				CLANG_WARN_OBJC_IMPLICIT_RETAIN_SELF = YES;
				CLANG_WARN_OBJC_LITERAL_CONVERSION = YES;
				CLANG_WARN_OBJC_ROOT_CLASS = YES_ERROR;
				CLANG_WARN_QUOTED_INCLUDE_IN_FRAMEWORK_HEADER = YES;
				CLANG_WARN_RANGE_LOOP_ANALYSIS = YES;
				CLANG_WARN_STRICT_PROTOTYPES = YES;
				CLANG_WARN_SUSPICIOUS_MOVE = YES;
				CLANG_WARN_UNGUARDED_AVAILABILITY = YES_AGGRESSIVE;
				CLANG_WARN_UNREACHABLE_CODE = YES;
				CLANG_WARN__DUPLICATE_METHOD_MATCH = YES;
				COPY_PHASE_STRIP = NO;
				DEBUG_INFORMATION_FORMAT = "dwarf-with-dsym";
				ENABLE_NS_ASSERTIONS = NO;
				ENABLE_STRICT_OBJC_MSGSEND = YES;
				GCC_C_LANGUAGE_STANDARD = gnu11;
				GCC_NO_COMMON_BLOCKS = YES;
				GCC_WARN_64_TO_32_BIT_CONVERSION = YES;
				GCC_WARN_ABOUT_RETURN_TYPE = YES_ERROR;
				GCC_WARN_UNDECLARED_SELECTOR = YES;
				GCC_WARN_UNINITIALIZED_AUTOS = YES_AGGRESSIVE;
				GCC_WARN_UNUSED_FUNCTION = YES;
				GCC_WARN_UNUSED_VARIABLE = YES;
				IPHONEOS_DEPLOYMENT_TARGET = 16.4;
				MTL_ENABLE_DEBUG_INFO = NO;
				MTL_FAST_MATH = YES;
				SDKROOT = iphoneos;
				SWIFT_COMPILATION_MODE = wholemodule;
				SWIFT_OPTIMIZATION_LEVEL = "-O";
				VALIDATE_PRODUCT = YES;
			};
			name = Release;
		};
		505EA0662A85AA5F000206C4 /* Debug */ = {
			isa = XCBuildConfiguration;
			buildSettings = {
				ASSETCATALOG_COMPILER_APPICON_NAME = AppIcon;
				ASSETCATALOG_COMPILER_GLOBAL_ACCENT_COLOR_NAME = AccentColor;
				CODE_SIGN_STYLE = Automatic;
				CURRENT_PROJECT_VERSION = 1;
				DEVELOPMENT_ASSET_PATHS = "\"SavorApp/Preview Content\"";
				ENABLE_PREVIEWS = YES;
				GENERATE_INFOPLIST_FILE = YES;
				INFOPLIST_KEY_UIApplicationSceneManifest_Generation = YES;
				INFOPLIST_KEY_UIApplicationSupportsIndirectInputEvents = YES;
				INFOPLIST_KEY_UILaunchScreen_Generation = YES;
				INFOPLIST_KEY_UISupportedInterfaceOrientations_iPad = "UIInterfaceOrientationPortrait UIInterfaceOrientationPortraitUpsideDown UIInterfaceOrientationLandscapeLeft UIInterfaceOrientationLandscapeRight";
				INFOPLIST_KEY_UISupportedInterfaceOrientations_iPhone = "UIInterfaceOrientationPortrait UIInterfaceOrientationLandscapeLeft UIInterfaceOrientationLandscapeRight";
				LD_RUNPATH_SEARCH_PATHS = (
					"$(inherited)",
					"@executable_path/Frameworks",
				);
				MARKETING_VERSION = 1.0;
				PRODUCT_BUNDLE_IDENTIFIER = com.savorfoods.SavorApp;
				PRODUCT_NAME = "$(TARGET_NAME)";
				SWIFT_EMIT_LOC_STRINGS = YES;
				SWIFT_VERSION = 5.0;
				TARGETED_DEVICE_FAMILY = "1,2";
			};
			name = Debug;
		};
		505EA0672A85AA5F000206C4 /* Release */ = {
			isa = XCBuildConfiguration;
			buildSettings = {
				ASSETCATALOG_COMPILER_APPICON_NAME = AppIcon;
				ASSETCATALOG_COMPILER_GLOBAL_ACCENT_COLOR_NAME = AccentColor;
				CODE_SIGN_STYLE = Automatic;
				CURRENT_PROJECT_VERSION = 1;
				DEVELOPMENT_ASSET_PATHS = "\"SavorApp/Preview Content\"";
				ENABLE_PREVIEWS = YES;
				GENERATE_INFOPLIST_FILE = YES;
				INFOPLIST_KEY_UIApplicationSceneManifest_Generation = YES;
				INFOPLIST_KEY_UIApplicationSupportsIndirectInputEvents = YES;
				INFOPLIST_KEY_UILaunchScreen_Generation = YES;
				INFOPLIST_KEY_UISupportedInterfaceOrientations_iPad = "UIInterfaceOrientationPortrait UIInterfaceOrientationPortraitUpsideDown UIInterfaceOrientationLandscapeLeft UIInterfaceOrientationLandscapeRight";
				INFOPLIST_KEY_UISupportedInterfaceOrientations_iPhone = "UIInterfaceOrientationPortrait UIInterfaceOrientationLandscapeLeft UIInterfaceOrientationLandscapeRight";
				LD_RUNPATH_SEARCH_PATHS = (
					"$(inherited)",
					"@executable_path/Frameworks",
				);
				MARKETING_VERSION = 1.0;
				PRODUCT_BUNDLE_IDENTIFIER = com.savorfoods.SavorApp;
				PRODUCT_NAME = "$(TARGET_NAME)";
				SWIFT_EMIT_LOC_STRINGS = YES;
				SWIFT_VERSION = 5.0;
				TARGETED_DEVICE_FAMILY = "1,2";
			};
			name = Release;
		};
		505EA0692A85AA5F000206C4 /* Debug */ = {
			isa = XCBuildConfiguration;
			buildSettings = {
				ALWAYS_EMBED_SWIFT_STANDARD_LIBRARIES = YES;
				BUNDLE_LOADER = "$(TEST_HOST)";
				CODE_SIGN_STYLE = Automatic;
				CURRENT_PROJECT_VERSION = 1;
				GENERATE_INFOPLIST_FILE = YES;
				IPHONEOS_DEPLOYMENT_TARGET = 16.4;
				MARKETING_VERSION = 1.0;
				PRODUCT_BUNDLE_IDENTIFIER = com.savorfoods.SavorAppTests;
				PRODUCT_NAME = "$(TARGET_NAME)";
				SWIFT_EMIT_LOC_STRINGS = NO;
				SWIFT_VERSION = 5.0;
				TARGETED_DEVICE_FAMILY = "1,2";
				TEST_HOST = "$(BUILT_PRODUCTS_DIR)/Savor.app/$(BUNDLE_EXECUTABLE_FOLDER_PATH)/Savor";
			};
			name = Debug;
		};
		505EA06A2A85AA5F000206C4 /* Release */ = {
			isa = XCBuildConfiguration;
			buildSettings = {
				ALWAYS_EMBED_SWIFT_STANDARD_LIBRARIES = YES;
				BUNDLE_LOADER = "$(TEST_HOST)";
				CODE_SIGN_STYLE = Automatic;
				CURRENT_PROJECT_VERSION = 1;
				GENERATE_INFOPLIST_FILE = YES;
				IPHONEOS_DEPLOYMENT_TARGET = 16.4;
				MARKETING_VERSION = 1.0;
				PRODUCT_BUNDLE_IDENTIFIER = com.savorfoods.SavorAppTests;
				PRODUCT_NAME = "$(TARGET_NAME)";
				SWIFT_EMIT_LOC_STRINGS = NO;
				SWIFT_VERSION = 5.0;
				TARGETED_DEVICE_FAMILY = "1,2";
				TEST_HOST = "$(BUILT_PRODUCTS_DIR)/Savor.app/$(BUNDLE_EXECUTABLE_FOLDER_PATH)/Savor";
			};
			name = Release;
		};
		505EA06C2A85AA5F000206C4 /* Debug */ = {
			isa = XCBuildConfiguration;
			buildSettings = {
				ALWAYS_EMBED_SWIFT_STANDARD_LIBRARIES = YES;
				CODE_SIGN_STYLE = Automatic;
				CURRENT_PROJECT_VERSION = 1;
				GENERATE_INFOPLIST_FILE = YES;
				MARKETING_VERSION = 1.0;
				PRODUCT_BUNDLE_IDENTIFIER = com.savorfoods.SavorAppUITests;
				PRODUCT_NAME = "$(TARGET_NAME)";
				SWIFT_EMIT_LOC_STRINGS = NO;
				SWIFT_VERSION = 5.0;
				TARGETED_DEVICE_FAMILY = "1,2";
				TEST_TARGET_NAME = SavorApp;
			};
			name = Debug;
		};
		505EA06D2A85AA5F000206C4 /* Release */ = {
			isa = XCBuildConfiguration;
			buildSettings = {
				ALWAYS_EMBED_SWIFT_STANDARD_LIBRARIES = YES;
				CODE_SIGN_STYLE = Automatic;
				CURRENT_PROJECT_VERSION = 1;
				GENERATE_INFOPLIST_FILE = YES;
				MARKETING_VERSION = 1.0;
				PRODUCT_BUNDLE_IDENTIFIER = com.savorfoods.SavorAppUITests;
				PRODUCT_NAME = "$(TARGET_NAME)";
				SWIFT_EMIT_LOC_STRINGS = NO;
				SWIFT_VERSION = 5.0;
				TARGETED_DEVICE_FAMILY = "1,2";
				TEST_TARGET_NAME = SavorApp;
			};
			name = Release;
		};
/* End XCBuildConfiguration section */

/* Begin XCConfigurationList section */
		505EA03C2A85AA5C000206C4 /* Build configuration list for PBXProject "Savor" */ = {
			isa = XCConfigurationList;
			buildConfigurations = (
				505EA0632A85AA5F000206C4 /* Debug */,
				505EA0642A85AA5F000206C4 /* Release */,
			);
			defaultConfigurationIsVisible = 0;
			defaultConfigurationName = Release;
		};
		505EA0652A85AA5F000206C4 /* Build configuration list for PBXNativeTarget "Savor" */ = {
			isa = XCConfigurationList;
			buildConfigurations = (
				505EA0662A85AA5F000206C4 /* Debug */,
				505EA0672A85AA5F000206C4 /* Release */,
			);
			defaultConfigurationIsVisible = 0;
			defaultConfigurationName = Release;
		};
		505EA0682A85AA5F000206C4 /* Build configuration list for PBXNativeTarget "SavorTests" */ = {
			isa = XCConfigurationList;
			buildConfigurations = (
				505EA0692A85AA5F000206C4 /* Debug */,
				505EA06A2A85AA5F000206C4 /* Release */,
			);
			defaultConfigurationIsVisible = 0;
			defaultConfigurationName = Release;
		};
		505EA06B2A85AA5F000206C4 /* Build configuration list for PBXNativeTarget "SavorUITests" */ = {
			isa = XCConfigurationList;
			buildConfigurations = (
				505EA06C2A85AA5F000206C4 /* Debug */,
				505EA06D2A85AA5F000206C4 /* Release */,
			);
			defaultConfigurationIsVisible = 0;
			defaultConfigurationName = Release;
		};
/* End XCConfigurationList section */

/* Begin XCRemoteSwiftPackageReference section */
		50CBA5B82A8D9A7B00E596DE /* XCRemoteSwiftPackageReference "firebase-ios-sdk" */ = {
			isa = XCRemoteSwiftPackageReference;
			repositoryURL = "https://github.com/firebase/firebase-ios-sdk";
			requirement = {
				kind = upToNextMajorVersion;
				minimumVersion = 10.0.0;
			};
		};
/* End XCRemoteSwiftPackageReference section */

/* Begin XCSwiftPackageProductDependency section */
		50CBA5B92A8D9A7B00E596DE /* FirebaseAnalytics */ = {
			isa = XCSwiftPackageProductDependency;
			package = 50CBA5B82A8D9A7B00E596DE /* XCRemoteSwiftPackageReference "firebase-ios-sdk" */;
			productName = FirebaseAnalytics;
		};
		50CBA5BB2A8D9A7B00E596DE /* FirebaseAuth */ = {
			isa = XCSwiftPackageProductDependency;
			package = 50CBA5B82A8D9A7B00E596DE /* XCRemoteSwiftPackageReference "firebase-ios-sdk" */;
			productName = FirebaseAuth;
		};
		50CBA5BD2A8D9A7B00E596DE /* FirebaseFirestore */ = {
			isa = XCSwiftPackageProductDependency;
			package = 50CBA5B82A8D9A7B00E596DE /* XCRemoteSwiftPackageReference "firebase-ios-sdk" */;
			productName = FirebaseFirestore;
		};
/* End XCSwiftPackageProductDependency section */
	};
	rootObject = 505EA0392A85AA5C000206C4 /* Project object */;
}
