// !$*UTF8*$!
{
	archiveVersion = 1;
	classes = {
	};
	objectVersion = 56;
	objects = {

/* Begin PBXBuildFile section */
		505EA0452A85AA5C000206C4 /* SavorAppApp.swift in Sources */ = {isa = PBXBuildFile; fileRef = 505EA0442A85AA5C000206C4 /* SavorAppApp.swift */; };
		505EA0472A85AA5C000206C4 /* ContentView.swift in Sources */ = {isa = PBXBuildFile; fileRef = 505EA0462A85AA5C000206C4 /* ContentView.swift */; };
		505EA0492A85AA5F000206C4 /* Assets.xcassets in Resources */ = {isa = PBXBuildFile; fileRef = 505EA0482A85AA5F000206C4 /* Assets.xcassets */; };
		505EA04C2A85AA5F000206C4 /* Preview Assets.xcassets in Resources */ = {isa = PBXBuildFile; fileRef = 505EA04B2A85AA5F000206C4 /* Preview Assets.xcassets */; };
		505EA0562A85AA5F000206C4 /* SavorAppTests.swift in Sources */ = {isa = PBXBuildFile; fileRef = 505EA0552A85AA5F000206C4 /* SavorAppTests.swift */; };
		505EA0602A85AA5F000206C4 /* SavorAppUITests.swift in Sources */ = {isa = PBXBuildFile; fileRef = 505EA05F2A85AA5F000206C4 /* SavorAppUITests.swift */; };
		505EA0622A85AA5F000206C4 /* SavorAppUITestsLaunchTests.swift in Sources */ = {isa = PBXBuildFile; fileRef = 505EA0612A85AA5F000206C4 /* SavorAppUITestsLaunchTests.swift */; };
/* End PBXBuildFile section */

/* Begin PBXContainerItemProxy section */
		505EA0522A85AA5F000206C4 /* PBXContainerItemProxy */ = {
			isa = PBXContainerItemProxy;
			containerPortal = 505EA0392A85AA5C000206C4 /* Project object */;
			proxyType = 1;
			remoteGlobalIDString = 505EA0402A85AA5C000206C4;
			remoteInfo = SavorApp;
		};
		505EA05C2A85AA5F000206C4 /* PBXContainerItemProxy */ = {
			isa = PBXContainerItemProxy;
			containerPortal = 505EA0392A85AA5C000206C4 /* Project object */;
			proxyType = 1;
			remoteGlobalIDString = 505EA0402A85AA5C000206C4;
			remoteInfo = SavorApp;
		};
/* End PBXContainerItemProxy section */

/* Begin PBXFileReference section */
		505EA0412A85AA5C000206C4 /* SavorApp.app */ = {isa = PBXFileReference; explicitFileType = wrapper.application; includeInIndex = 0; path = SavorApp.app; sourceTree = BUILT_PRODUCTS_DIR; };
		505EA0442A85AA5C000206C4 /* SavorAppApp.swift */ = {isa = PBXFileReference; lastKnownFileType = sourcecode.swift; path = SavorAppApp.swift; sourceTree = "<group>"; };
		505EA0462A85AA5C000206C4 /* ContentView.swift */ = {isa = PBXFileReference; lastKnownFileType = sourcecode.swift; path = ContentView.swift; sourceTree = "<group>"; };
		505EA0482A85AA5F000206C4 /* Assets.xcassets */ = {isa = PBXFileReference; lastKnownFileType = folder.assetcatalog; path = Assets.xcassets; sourceTree = "<group>"; };
		505EA04B2A85AA5F000206C4 /* Preview Assets.xcassets */ = {isa = PBXFileReference; lastKnownFileType = folder.assetcatalog; path = "Preview Assets.xcassets"; sourceTree = "<group>"; };
		505EA0512A85AA5F000206C4 /* SavorAppTests.xctest */ = {isa = PBXFileReference; explicitFileType = wrapper.cfbundle; includeInIndex = 0; path = SavorAppTests.xctest; sourceTree = BUILT_PRODUCTS_DIR; };
		505EA0552A85AA5F000206C4 /* SavorAppTests.swift */ = {isa = PBXFileReference; lastKnownFileType = sourcecode.swift; path = SavorAppTests.swift; sourceTree = "<group>"; };
		505EA05B2A85AA5F000206C4 /* SavorAppUITests.xctest */ = {isa = PBXFileReference; explicitFileType = wrapper.cfbundle; includeInIndex = 0; path = SavorAppUITests.xctest; sourceTree = BUILT_PRODUCTS_DIR; };
		505EA05F2A85AA5F000206C4 /* SavorAppUITests.swift */ = {isa = PBXFileReference; lastKnownFileType = sourcecode.swift; path = SavorAppUITests.swift; sourceTree = "<group>"; };
		505EA0612A85AA5F000206C4 /* SavorAppUITestsLaunchTests.swift */ = {isa = PBXFileReference; lastKnownFileType = sourcecode.swift; path = SavorAppUITestsLaunchTests.swift; sourceTree = "<group>"; };
/* End PBXFileReference section */

/* Begin PBXFrameworksBuildPhase section */
		505EA03E2A85AA5C000206C4 /* Frameworks */ = {
			isa = PBXFrameworksBuildPhase;
			buildActionMask = 2147483647;
			files = (
			);
			runOnlyForDeploymentPostprocessing = 0;
		};
		505EA04E2A85AA5F000206C4 /* Frameworks */ = {
			isa = PBXFrameworksBuildPhase;
			buildActionMask = 2147483647;
			files = (
			);
			runOnlyForDeploymentPostprocessing = 0;
		};
		505EA0582A85AA5F000206C4 /* Frameworks */ = {
			isa = PBXFrameworksBuildPhase;
			buildActionMask = 2147483647;
			files = (
			);
			runOnlyForDeploymentPostprocessing = 0;
		};
/* End PBXFrameworksBuildPhase section */

/* Begin PBXGroup section */
		505EA0382A85AA5C000206C4 = {
			isa = PBXGroup;
			children = (
				505EA0432A85AA5C000206C4 /* SavorApp */,
				505EA0542A85AA5F000206C4 /* SavorAppTests */,
				505EA05E2A85AA5F000206C4 /* SavorAppUITests */,
				505EA0422A85AA5C000206C4 /* Products */,
			);
			sourceTree = "<group>";
		};
		505EA0422A85AA5C000206C4 /* Products */ = {
			isa = PBXGroup;
			children = (
				505EA0412A85AA5C000206C4 /* SavorApp.app */,
				505EA0512A85AA5F000206C4 /* SavorAppTests.xctest */,
				505EA05B2A85AA5F000206C4 /* SavorAppUITests.xctest */,
			);
			name = Products;
			sourceTree = "<group>";
		};
		505EA0432A85AA5C000206C4 /* SavorApp */ = {
			isa = PBXGroup;
			children = (
				505EA0442A85AA5C000206C4 /* SavorAppApp.swift */,
				505EA0462A85AA5C000206C4 /* ContentView.swift */,
				505EA0482A85AA5F000206C4 /* Assets.xcassets */,
				505EA04A2A85AA5F000206C4 /* Preview Content */,
			);
			path = SavorApp;
			sourceTree = "<group>";
		};
		505EA04A2A85AA5F000206C4 /* Preview Content */ = {
			isa = PBXGroup;
			children = (
				505EA04B2A85AA5F000206C4 /* Preview Assets.xcassets */,
			);
			path = "Preview Content";
			sourceTree = "<group>";
		};
		505EA0542A85AA5F000206C4 /* SavorAppTests */ = {
			isa = PBXGroup;
			children = (
				505EA0552A85AA5F000206C4 /* SavorAppTests.swift */,
			);
			path = SavorAppTests;
			sourceTree = "<group>";
		};
		505EA05E2A85AA5F000206C4 /* SavorAppUITests */ = {
			isa = PBXGroup;
			children = (
				505EA05F2A85AA5F000206C4 /* SavorAppUITests.swift */,
				505EA0612A85AA5F000206C4 /* SavorAppUITestsLaunchTests.swift */,
			);
			path = SavorAppUITests;
			sourceTree = "<group>";
		};
/* End PBXGroup section */

/* Begin PBXNativeTarget section */
		505EA0402A85AA5C000206C4 /* SavorApp */ = {
			isa = PBXNativeTarget;
			buildConfigurationList = 505EA0652A85AA5F000206C4 /* Build configuration list for PBXNativeTarget "SavorApp" */;
			buildPhases = (
				505EA03D2A85AA5C000206C4 /* Sources */,
				505EA03E2A85AA5C000206C4 /* Frameworks */,
				505EA03F2A85AA5C000206C4 /* Resources */,
			);
			buildRules = (
			);
			dependencies = (
			);
			name = SavorApp;
			productName = SavorApp;
			productReference = 505EA0412A85AA5C000206C4 /* SavorApp.app */;
			productType = "com.apple.product-type.application";
		};
		505EA0502A85AA5F000206C4 /* SavorAppTests */ = {
			isa = PBXNativeTarget;
			buildConfigurationList = 505EA0682A85AA5F000206C4 /* Build configuration list for PBXNativeTarget "SavorAppTests" */;
			buildPhases = (
				505EA04D2A85AA5F000206C4 /* Sources */,
				505EA04E2A85AA5F000206C4 /* Frameworks */,
				505EA04F2A85AA5F000206C4 /* Resources */,
			);
			buildRules = (
			);
			dependencies = (
				505EA0532A85AA5F000206C4 /* PBXTargetDependency */,
			);
			name = SavorAppTests;
			productName = SavorAppTests;
			productReference = 505EA0512A85AA5F000206C4 /* SavorAppTests.xctest */;
			productType = "com.apple.product-type.bundle.unit-test";
		};
		505EA05A2A85AA5F000206C4 /* SavorAppUITests */ = {
			isa = PBXNativeTarget;
			buildConfigurationList = 505EA06B2A85AA5F000206C4 /* Build configuration list for PBXNativeTarget "SavorAppUITests" */;
			buildPhases = (
				505EA0572A85AA5F000206C4 /* Sources */,
				505EA0582A85AA5F000206C4 /* Frameworks */,
				505EA0592A85AA5F000206C4 /* Resources */,
			);
			buildRules = (
			);
			dependencies = (
				505EA05D2A85AA5F000206C4 /* PBXTargetDependency */,
			);
			name = SavorAppUITests;
			productName = SavorAppUITests;
			productReference = 505EA05B2A85AA5F000206C4 /* SavorAppUITests.xctest */;
			productType = "com.apple.product-type.bundle.ui-testing";
		};
/* End PBXNativeTarget section */

/* Begin PBXProject section */
		505EA0392A85AA5C000206C4 /* Project object */ = {
			isa = PBXProject;
			attributes = {
				BuildIndependentTargetsInParallel = 1;
				LastSwiftUpdateCheck = 1430;
				LastUpgradeCheck = 1430;
				TargetAttributes = {
					505EA0402A85AA5C000206C4 = {
						CreatedOnToolsVersion = 14.3.1;
					};
					505EA0502A85AA5F000206C4 = {
						CreatedOnToolsVersion = 14.3.1;
						TestTargetID = 505EA0402A85AA5C000206C4;
					};
					505EA05A2A85AA5F000206C4 = {
						CreatedOnToolsVersion = 14.3.1;
						TestTargetID = 505EA0402A85AA5C000206C4;
					};
				};
			};
			buildConfigurationList = 505EA03C2A85AA5C000206C4 /* Build configuration list for PBXProject "SavorApp" */;
			compatibilityVersion = "Xcode 14.0";
			developmentRegion = en;
			hasScannedForEncodings = 0;
			knownRegions = (
				en,
				Base,
			);
			mainGroup = 505EA0382A85AA5C000206C4;
			productRefGroup = 505EA0422A85AA5C000206C4 /* Products */;
			projectDirPath = "";
			projectRoot = "";
			targets = (
				505EA0402A85AA5C000206C4 /* SavorApp */,
				505EA0502A85AA5F000206C4 /* SavorAppTests */,
				505EA05A2A85AA5F000206C4 /* SavorAppUITests */,
			);
		};
/* End PBXProject section */

/* Begin PBXResourcesBuildPhase section */
		505EA03F2A85AA5C000206C4 /* Resources */ = {
			isa = PBXResourcesBuildPhase;
			buildActionMask = 2147483647;
			files = (
				505EA04C2A85AA5F000206C4 /* Preview Assets.xcassets in Resources */,
				505EA0492A85AA5F000206C4 /* Assets.xcassets in Resources */,
			);
			runOnlyForDeploymentPostprocessing = 0;
		};
		505EA04F2A85AA5F000206C4 /* Resources */ = {
			isa = PBXResourcesBuildPhase;
			buildActionMask = 2147483647;
			files = (
			);
			runOnlyForDeploymentPostprocessing = 0;
		};
		505EA0592A85AA5F000206C4 /* Resources */ = {
			isa = PBXResourcesBuildPhase;
			buildActionMask = 2147483647;
			files = (
			);
			runOnlyForDeploymentPostprocessing = 0;
		};
/* End PBXResourcesBuildPhase section */

/* Begin PBXSourcesBuildPhase section */
		505EA03D2A85AA5C000206C4 /* Sources */ = {
			isa = PBXSourcesBuildPhase;
			buildActionMask = 2147483647;
			files = (
				505EA0472A85AA5C000206C4 /* ContentView.swift in Sources */,
				505EA0452A85AA5C000206C4 /* SavorAppApp.swift in Sources */,
			);
			runOnlyForDeploymentPostprocessing = 0;
		};
		505EA04D2A85AA5F000206C4 /* Sources */ = {
			isa = PBXSourcesBuildPhase;
			buildActionMask = 2147483647;
			files = (
				505EA0562A85AA5F000206C4 /* SavorAppTests.swift in Sources */,
			);
			runOnlyForDeploymentPostprocessing = 0;
		};
		505EA0572A85AA5F000206C4 /* Sources */ = {
			isa = PBXSourcesBuildPhase;
			buildActionMask = 2147483647;
			files = (
				505EA0622A85AA5F000206C4 /* SavorAppUITestsLaunchTests.swift in Sources */,
				505EA0602A85AA5F000206C4 /* SavorAppUITests.swift in Sources */,
			);
			runOnlyForDeploymentPostprocessing = 0;
		};
/* End PBXSourcesBuildPhase section */

/* Begin PBXTargetDependency section */
		505EA0532A85AA5F000206C4 /* PBXTargetDependency */ = {
			isa = PBXTargetDependency;
			target = 505EA0402A85AA5C000206C4 /* SavorApp */;
			targetProxy = 505EA0522A85AA5F000206C4 /* PBXContainerItemProxy */;
		};
		505EA05D2A85AA5F000206C4 /* PBXTargetDependency */ = {
			isa = PBXTargetDependency;
			target = 505EA0402A85AA5C000206C4 /* SavorApp */;
			targetProxy = 505EA05C2A85AA5F000206C4 /* PBXContainerItemProxy */;
		};
/* End PBXTargetDependency section */

/* Begin XCBuildConfiguration section */
		505EA0632A85AA5F000206C4 /* Debug */ = {
			isa = XCBuildConfiguration;
			buildSettings = {
				ALWAYS_SEARCH_USER_PATHS = NO;
				CLANG_ANALYZER_NONNULL = YES;
				CLANG_ANALYZER_NUMBER_OBJECT_CONVERSION = YES_AGGRESSIVE;
				CLANG_CXX_LANGUAGE_STANDARD = "gnu++20";
				CLANG_ENABLE_MODULES = YES;
				CLANG_ENABLE_OBJC_ARC = YES;
				CLANG_ENABLE_OBJC_WEAK = YES;
				CLANG_WARN_BLOCK_CAPTURE_AUTORELEASING = YES;
				CLANG_WARN_BOOL_CONVERSION = YES;
				CLANG_WARN_COMMA = YES;
				CLANG_WARN_CONSTANT_CONVERSION = YES;
				CLANG_WARN_DEPRECATED_OBJC_IMPLEMENTATIONS = YES;
				CLANG_WARN_DIRECT_OBJC_ISA_USAGE = YES_ERROR;
				CLANG_WARN_DOCUMENTATION_COMMENTS = YES;
				CLANG_WARN_EMPTY_BODY = YES;
				CLANG_WARN_ENUM_CONVERSION = YES;
				CLANG_WARN_INFINITE_RECURSION = YES;
				CLANG_WARN_INT_CONVERSION = YES;
				CLANG_WARN_NON_LITERAL_NULL_CONVERSION = YES;
				CLANG_WARN_OBJC_IMPLICIT_RETAIN_SELF = YES;
				CLANG_WARN_OBJC_LITERAL_CONVERSION = YES;
				CLANG_WARN_OBJC_ROOT_CLASS = YES_ERROR;
				CLANG_WARN_QUOTED_INCLUDE_IN_FRAMEWORK_HEADER = YES;
				CLANG_WARN_RANGE_LOOP_ANALYSIS = YES;
				CLANG_WARN_STRICT_PROTOTYPES = YES;
				CLANG_WARN_SUSPICIOUS_MOVE = YES;
				CLANG_WARN_UNGUARDED_AVAILABILITY = YES_AGGRESSIVE;
				CLANG_WARN_UNREACHABLE_CODE = YES;
				CLANG_WARN__DUPLICATE_METHOD_MATCH = YES;
				COPY_PHASE_STRIP = NO;
				DEBUG_INFORMATION_FORMAT = dwarf;
				ENABLE_STRICT_OBJC_MSGSEND = YES;
				ENABLE_TESTABILITY = YES;
				GCC_C_LANGUAGE_STANDARD = gnu11;
				GCC_DYNAMIC_NO_PIC = NO;
				GCC_NO_COMMON_BLOCKS = YES;
				GCC_OPTIMIZATION_LEVEL = 0;
				GCC_PREPROCESSOR_DEFINITIONS = (
					"DEBUG=1",
					"$(inherited)",
				);
				GCC_WARN_64_TO_32_BIT_CONVERSION = YES;
				GCC_WARN_ABOUT_RETURN_TYPE = YES_ERROR;
				GCC_WARN_UNDECLARED_SELECTOR = YES;
				GCC_WARN_UNINITIALIZED_AUTOS = YES_AGGRESSIVE;
				GCC_WARN_UNUSED_FUNCTION = YES;
				GCC_WARN_UNUSED_VARIABLE = YES;
				IPHONEOS_DEPLOYMENT_TARGET = 16.4;
				MTL_ENABLE_DEBUG_INFO = INCLUDE_SOURCE;
				MTL_FAST_MATH = YES;
				ONLY_ACTIVE_ARCH = YES;
				SDKROOT = iphoneos;
				SWIFT_ACTIVE_COMPILATION_CONDITIONS = DEBUG;
				SWIFT_OPTIMIZATION_LEVEL = "-Onone";
			};
			name = Debug;
		};
		505EA0642A85AA5F000206C4 /* Release */ = {
			isa = XCBuildConfiguration;
			buildSettings = {
				ALWAYS_SEARCH_USER_PATHS = NO;
				CLANG_ANALYZER_NONNULL = YES;
				CLANG_ANALYZER_NUMBER_OBJECT_CONVERSION = YES_AGGRESSIVE;
				CLANG_CXX_LANGUAGE_STANDARD = "gnu++20";
				CLANG_ENABLE_MODULES = YES;
				CLANG_ENABLE_OBJC_ARC = YES;
				CLANG_ENABLE_OBJC_WEAK = YES;
				CLANG_WARN_BLOCK_CAPTURE_AUTORELEASING = YES;
				CLANG_WARN_BOOL_CONVERSION = YES;
				CLANG_WARN_COMMA = YES;
				CLANG_WARN_CONSTANT_CONVERSION = YES;
				CLANG_WARN_DEPRECATED_OBJC_IMPLEMENTATIONS = YES;
				CLANG_WARN_DIRECT_OBJC_ISA_USAGE = YES_ERROR;
				CLANG_WARN_DOCUMENTATION_COMMENTS = YES;
				CLANG_WARN_EMPTY_BODY = YES;
				CLANG_WARN_ENUM_CONVERSION = YES;
				CLANG_WARN_INFINITE_RECURSION = YES;
				CLANG_WARN_INT_CONVERSION = YES;
				CLANG_WARN_NON_LITERAL_NULL_CONVERSION = YES;
				CLANG_WARN_OBJC_IMPLICIT_RETAIN_SELF = YES;
				CLANG_WARN_OBJC_LITERAL_CONVERSION = YES;
				CLANG_WARN_OBJC_ROOT_CLASS = YES_ERROR;
				CLANG_WARN_QUOTED_INCLUDE_IN_FRAMEWORK_HEADER = YES;
				CLANG_WARN_RANGE_LOOP_ANALYSIS = YES;
				CLANG_WARN_STRICT_PROTOTYPES = YES;
				CLANG_WARN_SUSPICIOUS_MOVE = YES;
				CLANG_WARN_UNGUARDED_AVAILABILITY = YES_AGGRESSIVE;
				CLANG_WARN_UNREACHABLE_CODE = YES;
				CLANG_WARN__DUPLICATE_METHOD_MATCH = YES;
				COPY_PHASE_STRIP = NO;
				DEBUG_INFORMATION_FORMAT = "dwarf-with-dsym";
				ENABLE_NS_ASSERTIONS = NO;
				ENABLE_STRICT_OBJC_MSGSEND = YES;
				GCC_C_LANGUAGE_STANDARD = gnu11;
				GCC_NO_COMMON_BLOCKS = YES;
				GCC_WARN_64_TO_32_BIT_CONVERSION = YES;
				GCC_WARN_ABOUT_RETURN_TYPE = YES_ERROR;
				GCC_WARN_UNDECLARED_SELECTOR = YES;
				GCC_WARN_UNINITIALIZED_AUTOS = YES_AGGRESSIVE;
				GCC_WARN_UNUSED_FUNCTION = YES;
				GCC_WARN_UNUSED_VARIABLE = YES;
				IPHONEOS_DEPLOYMENT_TARGET = 16.4;
				MTL_ENABLE_DEBUG_INFO = NO;
				MTL_FAST_MATH = YES;
				SDKROOT = iphoneos;
				SWIFT_COMPILATION_MODE = wholemodule;
				SWIFT_OPTIMIZATION_LEVEL = "-O";
				VALIDATE_PRODUCT = YES;
			};
			name = Release;
		};
		505EA0662A85AA5F000206C4 /* Debug */ = {
			isa = XCBuildConfiguration;
			buildSettings = {
				ASSETCATALOG_COMPILER_APPICON_NAME = AppIcon;
				ASSETCATALOG_COMPILER_GLOBAL_ACCENT_COLOR_NAME = AccentColor;
				CODE_SIGN_STYLE = Automatic;
				CURRENT_PROJECT_VERSION = 1;
				DEVELOPMENT_ASSET_PATHS = "\"SavorApp/Preview Content\"";
				ENABLE_PREVIEWS = YES;
				GENERATE_INFOPLIST_FILE = YES;
				INFOPLIST_KEY_UIApplicationSceneManifest_Generation = YES;
				INFOPLIST_KEY_UIApplicationSupportsIndirectInputEvents = YES;
				INFOPLIST_KEY_UILaunchScreen_Generation = YES;
				INFOPLIST_KEY_UISupportedInterfaceOrientations_iPad = "UIInterfaceOrientationPortrait UIInterfaceOrientationPortraitUpsideDown UIInterfaceOrientationLandscapeLeft UIInterfaceOrientationLandscapeRight";
				INFOPLIST_KEY_UISupportedInterfaceOrientations_iPhone = "UIInterfaceOrientationPortrait UIInterfaceOrientationLandscapeLeft UIInterfaceOrientationLandscapeRight";
				LD_RUNPATH_SEARCH_PATHS = (
					"$(inherited)",
					"@executable_path/Frameworks",
				);
				MARKETING_VERSION = 1.0;
				PRODUCT_BUNDLE_IDENTIFIER = com.savorfoods.SavorApp;
				PRODUCT_NAME = "$(TARGET_NAME)";
				SWIFT_EMIT_LOC_STRINGS = YES;
				SWIFT_VERSION = 5.0;
				TARGETED_DEVICE_FAMILY = "1,2";
			};
			name = Debug;
		};
		505EA0672A85AA5F000206C4 /* Release */ = {
			isa = XCBuildConfiguration;
			buildSettings = {
				ASSETCATALOG_COMPILER_APPICON_NAME = AppIcon;
				ASSETCATALOG_COMPILER_GLOBAL_ACCENT_COLOR_NAME = AccentColor;
				CODE_SIGN_STYLE = Automatic;
				CURRENT_PROJECT_VERSION = 1;
				DEVELOPMENT_ASSET_PATHS = "\"SavorApp/Preview Content\"";
				ENABLE_PREVIEWS = YES;
				GENERATE_INFOPLIST_FILE = YES;
				INFOPLIST_KEY_UIApplicationSceneManifest_Generation = YES;
				INFOPLIST_KEY_UIApplicationSupportsIndirectInputEvents = YES;
				INFOPLIST_KEY_UILaunchScreen_Generation = YES;
				INFOPLIST_KEY_UISupportedInterfaceOrientations_iPad = "UIInterfaceOrientationPortrait UIInterfaceOrientationPortraitUpsideDown UIInterfaceOrientationLandscapeLeft UIInterfaceOrientationLandscapeRight";
				INFOPLIST_KEY_UISupportedInterfaceOrientations_iPhone = "UIInterfaceOrientationPortrait UIInterfaceOrientationLandscapeLeft UIInterfaceOrientationLandscapeRight";
				LD_RUNPATH_SEARCH_PATHS = (
					"$(inherited)",
					"@executable_path/Frameworks",
				);
				MARKETING_VERSION = 1.0;
				PRODUCT_BUNDLE_IDENTIFIER = com.savorfoods.SavorApp;
				PRODUCT_NAME = "$(TARGET_NAME)";
				SWIFT_EMIT_LOC_STRINGS = YES;
				SWIFT_VERSION = 5.0;
				TARGETED_DEVICE_FAMILY = "1,2";
			};
			name = Release;
		};
		505EA0692A85AA5F000206C4 /* Debug */ = {
			isa = XCBuildConfiguration;
			buildSettings = {
				ALWAYS_EMBED_SWIFT_STANDARD_LIBRARIES = YES;
				BUNDLE_LOADER = "$(TEST_HOST)";
				CODE_SIGN_STYLE = Automatic;
				CURRENT_PROJECT_VERSION = 1;
				GENERATE_INFOPLIST_FILE = YES;
				IPHONEOS_DEPLOYMENT_TARGET = 16.4;
				MARKETING_VERSION = 1.0;
				PRODUCT_BUNDLE_IDENTIFIER = com.savorfoods.SavorAppTests;
				PRODUCT_NAME = "$(TARGET_NAME)";
				SWIFT_EMIT_LOC_STRINGS = NO;
				SWIFT_VERSION = 5.0;
				TARGETED_DEVICE_FAMILY = "1,2";
				TEST_HOST = "$(BUILT_PRODUCTS_DIR)/SavorApp.app/$(BUNDLE_EXECUTABLE_FOLDER_PATH)/SavorApp";
			};
			name = Debug;
		};
		505EA06A2A85AA5F000206C4 /* Release */ = {
			isa = XCBuildConfiguration;
			buildSettings = {
				ALWAYS_EMBED_SWIFT_STANDARD_LIBRARIES = YES;
				BUNDLE_LOADER = "$(TEST_HOST)";
				CODE_SIGN_STYLE = Automatic;
				CURRENT_PROJECT_VERSION = 1;
				GENERATE_INFOPLIST_FILE = YES;
				IPHONEOS_DEPLOYMENT_TARGET = 16.4;
				MARKETING_VERSION = 1.0;
				PRODUCT_BUNDLE_IDENTIFIER = com.savorfoods.SavorAppTests;
				PRODUCT_NAME = "$(TARGET_NAME)";
				SWIFT_EMIT_LOC_STRINGS = NO;
				SWIFT_VERSION = 5.0;
				TARGETED_DEVICE_FAMILY = "1,2";
				TEST_HOST = "$(BUILT_PRODUCTS_DIR)/SavorApp.app/$(BUNDLE_EXECUTABLE_FOLDER_PATH)/SavorApp";
			};
			name = Release;
		};
		505EA06C2A85AA5F000206C4 /* Debug */ = {
			isa = XCBuildConfiguration;
			buildSettings = {
				ALWAYS_EMBED_SWIFT_STANDARD_LIBRARIES = YES;
				CODE_SIGN_STYLE = Automatic;
				CURRENT_PROJECT_VERSION = 1;
				GENERATE_INFOPLIST_FILE = YES;
				MARKETING_VERSION = 1.0;
				PRODUCT_BUNDLE_IDENTIFIER = com.savorfoods.SavorAppUITests;
				PRODUCT_NAME = "$(TARGET_NAME)";
				SWIFT_EMIT_LOC_STRINGS = NO;
				SWIFT_VERSION = 5.0;
				TARGETED_DEVICE_FAMILY = "1,2";
				TEST_TARGET_NAME = SavorApp;
			};
			name = Debug;
		};
		505EA06D2A85AA5F000206C4 /* Release */ = {
			isa = XCBuildConfiguration;
			buildSettings = {
				ALWAYS_EMBED_SWIFT_STANDARD_LIBRARIES = YES;
				CODE_SIGN_STYLE = Automatic;
				CURRENT_PROJECT_VERSION = 1;
				GENERATE_INFOPLIST_FILE = YES;
				MARKETING_VERSION = 1.0;
				PRODUCT_BUNDLE_IDENTIFIER = com.savorfoods.SavorAppUITests;
				PRODUCT_NAME = "$(TARGET_NAME)";
				SWIFT_EMIT_LOC_STRINGS = NO;
				SWIFT_VERSION = 5.0;
				TARGETED_DEVICE_FAMILY = "1,2";
				TEST_TARGET_NAME = SavorApp;
			};
			name = Release;
		};
/* End XCBuildConfiguration section */

/* Begin XCConfigurationList section */
		505EA03C2A85AA5C000206C4 /* Build configuration list for PBXProject "SavorApp" */ = {
			isa = XCConfigurationList;
			buildConfigurations = (
				505EA0632A85AA5F000206C4 /* Debug */,
				505EA0642A85AA5F000206C4 /* Release */,
			);
			defaultConfigurationIsVisible = 0;
			defaultConfigurationName = Release;
		};
		505EA0652A85AA5F000206C4 /* Build configuration list for PBXNativeTarget "SavorApp" */ = {
			isa = XCConfigurationList;
			buildConfigurations = (
				505EA0662A85AA5F000206C4 /* Debug */,
				505EA0672A85AA5F000206C4 /* Release */,
			);
			defaultConfigurationIsVisible = 0;
			defaultConfigurationName = Release;
		};
		505EA0682A85AA5F000206C4 /* Build configuration list for PBXNativeTarget "SavorAppTests" */ = {
			isa = XCConfigurationList;
			buildConfigurations = (
				505EA0692A85AA5F000206C4 /* Debug */,
				505EA06A2A85AA5F000206C4 /* Release */,
			);
			defaultConfigurationIsVisible = 0;
			defaultConfigurationName = Release;
		};
		505EA06B2A85AA5F000206C4 /* Build configuration list for PBXNativeTarget "SavorAppUITests" */ = {
			isa = XCConfigurationList;
			buildConfigurations = (
				505EA06C2A85AA5F000206C4 /* Debug */,
				505EA06D2A85AA5F000206C4 /* Release */,
			);
			defaultConfigurationIsVisible = 0;
			defaultConfigurationName = Release;
		};
/* End XCConfigurationList section */
	};
	rootObject = 505EA0392A85AA5C000206C4 /* Project object */;
}
